// !$*UTF8*$!
{
	archiveVersion = 1;
	classes = {
	};
	objectVersion = 56;
	objects = {

/* Begin PBXBuildFile section */
		85047DA82A7BED89002C7CE2 /* RouteImporterView.swift in Sources */ = {isa = PBXBuildFile; fileRef = 85047DA72A7BED89002C7CE2 /* RouteImporterView.swift */; };
		85047DAA2A7BED9B002C7CE2 /* RouteImporterViewModel.swift in Sources */ = {isa = PBXBuildFile; fileRef = 85047DA92A7BED9B002C7CE2 /* RouteImporterViewModel.swift */; };
		85047DAD2A7C2F6F002C7CE2 /* MarqueeText in Frameworks */ = {isa = PBXBuildFile; productRef = 85047DAC2A7C2F6F002C7CE2 /* MarqueeText */; };
		85047DAF2A7C2FA6002C7CE2 /* LocationAccuracyBar.swift in Sources */ = {isa = PBXBuildFile; fileRef = 85047DAE2A7C2FA6002C7CE2 /* LocationAccuracyBar.swift */; };
		85047DB22A7C53E3002C7CE2 /* MapView.swift in Sources */ = {isa = PBXBuildFile; fileRef = 85047DB12A7C53E3002C7CE2 /* MapView.swift */; };
		85047DB52A7C5D2D002C7CE2 /* CoreGPX in Frameworks */ = {isa = PBXBuildFile; productRef = 85047DB42A7C5D2D002C7CE2 /* CoreGPX */; };
		8526BE872A755A1C00BF38B8 /* Colors.swift in Sources */ = {isa = PBXBuildFile; fileRef = 8526BE862A755A1C00BF38B8 /* Colors.swift */; };
		8526BE892A75642E00BF38B8 /* Assets.xcassets in Resources */ = {isa = PBXBuildFile; fileRef = 8526BE882A75642E00BF38B8 /* Assets.xcassets */; };
		85888BE52A73FEDD00E92020 /* HorizontalGaugeView.swift in Sources */ = {isa = PBXBuildFile; fileRef = 85888BE42A73FEDD00E92020 /* HorizontalGaugeView.swift */; };
		85888BE72A73FFD900E92020 /* LocationInfoView.swift in Sources */ = {isa = PBXBuildFile; fileRef = 85888BE62A73FFD900E92020 /* LocationInfoView.swift */; };
		859777422A6D695A005F9F68 /* SpeedometerApp.swift in Sources */ = {isa = PBXBuildFile; fileRef = 859777412A6D695A005F9F68 /* SpeedometerApp.swift */; };
		859777442A6D695A005F9F68 /* SpeedometerView.swift in Sources */ = {isa = PBXBuildFile; fileRef = 859777432A6D695A005F9F68 /* SpeedometerView.swift */; };
		859777492A6D695B005F9F68 /* Preview Assets.xcassets in Resources */ = {isa = PBXBuildFile; fileRef = 859777482A6D695B005F9F68 /* Preview Assets.xcassets */; };
		859777532A6D695B005F9F68 /* SpeedometerTests.swift in Sources */ = {isa = PBXBuildFile; fileRef = 859777522A6D695B005F9F68 /* SpeedometerTests.swift */; };
		8597775D2A6D695B005F9F68 /* SpeedometerUITests.swift in Sources */ = {isa = PBXBuildFile; fileRef = 8597775C2A6D695B005F9F68 /* SpeedometerUITests.swift */; };
		8597775F2A6D695B005F9F68 /* SpeedometerUITestsLaunchTests.swift in Sources */ = {isa = PBXBuildFile; fileRef = 8597775E2A6D695B005F9F68 /* SpeedometerUITestsLaunchTests.swift */; };
		8597776D2A6D6C70005F9F68 /* SpeedometerViewModel.swift in Sources */ = {isa = PBXBuildFile; fileRef = 8597776C2A6D6C70005F9F68 /* SpeedometerViewModel.swift */; };
		8597776F2A6D6CFB005F9F68 /* LocationManager.swift in Sources */ = {isa = PBXBuildFile; fileRef = 8597776E2A6D6CFB005F9F68 /* LocationManager.swift */; };
		85D9E18F2A71CB640012FBB4 /* Location.swift in Sources */ = {isa = PBXBuildFile; fileRef = 85D9E18E2A71CB640012FBB4 /* Location.swift */; };
		85D9E1912A72B4570012FBB4 /* AppDelegate.swift in Sources */ = {isa = PBXBuildFile; fileRef = 85D9E1902A72B4570012FBB4 /* AppDelegate.swift */; };
		85E759892A75759900FAFAC8 /* CircularGaugeStyle.swift in Sources */ = {isa = PBXBuildFile; fileRef = 85E759882A75759900FAFAC8 /* CircularGaugeStyle.swift */; };
		85E7598B2A75770100FAFAC8 /* CircularGaugeView.swift in Sources */ = {isa = PBXBuildFile; fileRef = 85E7598A2A75770100FAFAC8 /* CircularGaugeView.swift */; };
		85E759902A765D1300FAFAC8 /* .gitignore in Resources */ = {isa = PBXBuildFile; fileRef = 85E7598F2A765D1300FAFAC8 /* .gitignore */; };
		85E759942A766F2100FAFAC8 /* SplashView.swift in Sources */ = {isa = PBXBuildFile; fileRef = 85E759932A766F2100FAFAC8 /* SplashView.swift */; };
/* End PBXBuildFile section */

/* Begin PBXContainerItemProxy section */
		8597774F2A6D695B005F9F68 /* PBXContainerItemProxy */ = {
			isa = PBXContainerItemProxy;
			containerPortal = 859777362A6D695A005F9F68 /* Project object */;
			proxyType = 1;
			remoteGlobalIDString = 8597773D2A6D695A005F9F68;
			remoteInfo = Speedometer;
		};
		859777592A6D695B005F9F68 /* PBXContainerItemProxy */ = {
			isa = PBXContainerItemProxy;
			containerPortal = 859777362A6D695A005F9F68 /* Project object */;
			proxyType = 1;
			remoteGlobalIDString = 8597773D2A6D695A005F9F68;
			remoteInfo = Speedometer;
		};
/* End PBXContainerItemProxy section */

/* Begin PBXFileReference section */
		85047DA72A7BED89002C7CE2 /* RouteImporterView.swift */ = {isa = PBXFileReference; lastKnownFileType = sourcecode.swift; path = RouteImporterView.swift; sourceTree = "<group>"; };
		85047DA92A7BED9B002C7CE2 /* RouteImporterViewModel.swift */ = {isa = PBXFileReference; lastKnownFileType = sourcecode.swift; path = RouteImporterViewModel.swift; sourceTree = "<group>"; };
		85047DAE2A7C2FA6002C7CE2 /* LocationAccuracyBar.swift */ = {isa = PBXFileReference; lastKnownFileType = sourcecode.swift; path = LocationAccuracyBar.swift; sourceTree = "<group>"; };
		85047DB12A7C53E3002C7CE2 /* MapView.swift */ = {isa = PBXFileReference; lastKnownFileType = sourcecode.swift; path = MapView.swift; sourceTree = "<group>"; };
		8526BE862A755A1C00BF38B8 /* Colors.swift */ = {isa = PBXFileReference; lastKnownFileType = sourcecode.swift; path = Colors.swift; sourceTree = "<group>"; };
		8526BE882A75642E00BF38B8 /* Assets.xcassets */ = {isa = PBXFileReference; lastKnownFileType = folder.assetcatalog; path = Assets.xcassets; sourceTree = "<group>"; };
		854119902AB1CA7F00EA7B94 /* trasa130923.gpx */ = {isa = PBXFileReference; lastKnownFileType = text.xml; path = trasa130923.gpx; sourceTree = "<group>"; };
		85888BE42A73FEDD00E92020 /* HorizontalGaugeView.swift */ = {isa = PBXFileReference; lastKnownFileType = sourcecode.swift; path = HorizontalGaugeView.swift; sourceTree = "<group>"; };
		85888BE62A73FFD900E92020 /* LocationInfoView.swift */ = {isa = PBXFileReference; lastKnownFileType = sourcecode.swift; path = LocationInfoView.swift; sourceTree = "<group>"; };
		8597773E2A6D695A005F9F68 /* Speedometer.app */ = {isa = PBXFileReference; explicitFileType = wrapper.application; includeInIndex = 0; path = Speedometer.app; sourceTree = BUILT_PRODUCTS_DIR; };
		859777412A6D695A005F9F68 /* SpeedometerApp.swift */ = {isa = PBXFileReference; lastKnownFileType = sourcecode.swift; path = SpeedometerApp.swift; sourceTree = "<group>"; };
		859777432A6D695A005F9F68 /* SpeedometerView.swift */ = {isa = PBXFileReference; lastKnownFileType = sourcecode.swift; path = SpeedometerView.swift; sourceTree = "<group>"; };
		859777482A6D695B005F9F68 /* Preview Assets.xcassets */ = {isa = PBXFileReference; lastKnownFileType = folder.assetcatalog; path = "Preview Assets.xcassets"; sourceTree = "<group>"; };
		8597774E2A6D695B005F9F68 /* SpeedometerTests.xctest */ = {isa = PBXFileReference; explicitFileType = wrapper.cfbundle; includeInIndex = 0; path = SpeedometerTests.xctest; sourceTree = BUILT_PRODUCTS_DIR; };
		859777522A6D695B005F9F68 /* SpeedometerTests.swift */ = {isa = PBXFileReference; lastKnownFileType = sourcecode.swift; path = SpeedometerTests.swift; sourceTree = "<group>"; };
		859777582A6D695B005F9F68 /* SpeedometerUITests.xctest */ = {isa = PBXFileReference; explicitFileType = wrapper.cfbundle; includeInIndex = 0; path = SpeedometerUITests.xctest; sourceTree = BUILT_PRODUCTS_DIR; };
		8597775C2A6D695B005F9F68 /* SpeedometerUITests.swift */ = {isa = PBXFileReference; lastKnownFileType = sourcecode.swift; path = SpeedometerUITests.swift; sourceTree = "<group>"; };
		8597775E2A6D695B005F9F68 /* SpeedometerUITestsLaunchTests.swift */ = {isa = PBXFileReference; lastKnownFileType = sourcecode.swift; path = SpeedometerUITestsLaunchTests.swift; sourceTree = "<group>"; };
		8597776C2A6D6C70005F9F68 /* SpeedometerViewModel.swift */ = {isa = PBXFileReference; lastKnownFileType = sourcecode.swift; path = SpeedometerViewModel.swift; sourceTree = "<group>"; };
		8597776E2A6D6CFB005F9F68 /* LocationManager.swift */ = {isa = PBXFileReference; lastKnownFileType = sourcecode.swift; path = LocationManager.swift; sourceTree = "<group>"; };
		85C165F82A786872001F646A /* README.md */ = {isa = PBXFileReference; lastKnownFileType = net.daringfireball.markdown; path = README.md; sourceTree = "<group>"; };
		85D9E18E2A71CB640012FBB4 /* Location.swift */ = {isa = PBXFileReference; lastKnownFileType = sourcecode.swift; path = Location.swift; sourceTree = "<group>"; };
		85D9E1902A72B4570012FBB4 /* AppDelegate.swift */ = {isa = PBXFileReference; lastKnownFileType = sourcecode.swift; path = AppDelegate.swift; sourceTree = "<group>"; };
		85E759882A75759900FAFAC8 /* CircularGaugeStyle.swift */ = {isa = PBXFileReference; lastKnownFileType = sourcecode.swift; path = CircularGaugeStyle.swift; sourceTree = "<group>"; };
		85E7598A2A75770100FAFAC8 /* CircularGaugeView.swift */ = {isa = PBXFileReference; lastKnownFileType = sourcecode.swift; path = CircularGaugeView.swift; sourceTree = "<group>"; };
		85E7598F2A765D1300FAFAC8 /* .gitignore */ = {isa = PBXFileReference; lastKnownFileType = text; path = .gitignore; sourceTree = "<group>"; };
		85E759932A766F2100FAFAC8 /* SplashView.swift */ = {isa = PBXFileReference; lastKnownFileType = sourcecode.swift; path = SplashView.swift; sourceTree = "<group>"; };
/* End PBXFileReference section */

/* Begin PBXFrameworksBuildPhase section */
		8597773B2A6D695A005F9F68 /* Frameworks */ = {
			isa = PBXFrameworksBuildPhase;
			buildActionMask = 2147483647;
			files = (
				85047DAD2A7C2F6F002C7CE2 /* MarqueeText in Frameworks */,
				85047DB52A7C5D2D002C7CE2 /* CoreGPX in Frameworks */,
			);
			runOnlyForDeploymentPostprocessing = 0;
		};
		8597774B2A6D695B005F9F68 /* Frameworks */ = {
			isa = PBXFrameworksBuildPhase;
			buildActionMask = 2147483647;
			files = (
			);
			runOnlyForDeploymentPostprocessing = 0;
		};
		859777552A6D695B005F9F68 /* Frameworks */ = {
			isa = PBXFrameworksBuildPhase;
			buildActionMask = 2147483647;
			files = (
			);
			runOnlyForDeploymentPostprocessing = 0;
		};
/* End PBXFrameworksBuildPhase section */

/* Begin PBXGroup section */
		85047DA62A7BED51002C7CE2 /* RouteImporter */ = {
			isa = PBXGroup;
			children = (
				85047DA72A7BED89002C7CE2 /* RouteImporterView.swift */,
				85047DA92A7BED9B002C7CE2 /* RouteImporterViewModel.swift */,
			);
			path = RouteImporter;
			sourceTree = "<group>";
		};
		85047DB02A7C53D4002C7CE2 /* MapView */ = {
			isa = PBXGroup;
			children = (
				85047DB12A7C53E3002C7CE2 /* MapView.swift */,
			);
			path = MapView;
			sourceTree = "<group>";
		};
		8526BE852A755A0B00BF38B8 /* Theme */ = {
			isa = PBXGroup;
			children = (
				8526BE862A755A1C00BF38B8 /* Colors.swift */,
			);
			path = Theme;
			sourceTree = "<group>";
		};
		85888BE32A73FEBA00E92020 /* Components */ = {
			isa = PBXGroup;
			children = (
				85E759912A766C7E00FAFAC8 /* CircularGaugeView */,
				85888BE42A73FEDD00E92020 /* HorizontalGaugeView.swift */,
				85888BE62A73FFD900E92020 /* LocationInfoView.swift */,
				85047DAE2A7C2FA6002C7CE2 /* LocationAccuracyBar.swift */,
			);
			path = Components;
			sourceTree = "<group>";
		};
		859777352A6D695A005F9F68 = {
			isa = PBXGroup;
			children = (
				854119902AB1CA7F00EA7B94 /* trasa130923.gpx */,
				85C165F82A786872001F646A /* README.md */,
				85E7598F2A765D1300FAFAC8 /* .gitignore */,
				8526BE882A75642E00BF38B8 /* Assets.xcassets */,
				859777402A6D695A005F9F68 /* Speedometer */,
				859777512A6D695B005F9F68 /* SpeedometerTests */,
				8597775B2A6D695B005F9F68 /* SpeedometerUITests */,
				8597773F2A6D695A005F9F68 /* Products */,
			);
			sourceTree = "<group>";
		};
		8597773F2A6D695A005F9F68 /* Products */ = {
			isa = PBXGroup;
			children = (
				8597773E2A6D695A005F9F68 /* Speedometer.app */,
				8597774E2A6D695B005F9F68 /* SpeedometerTests.xctest */,
				859777582A6D695B005F9F68 /* SpeedometerUITests.xctest */,
			);
			name = Products;
			sourceTree = "<group>";
		};
		859777402A6D695A005F9F68 /* Speedometer */ = {
			isa = PBXGroup;
			children = (
				85047DA62A7BED51002C7CE2 /* RouteImporter */,
				85E759922A766E6B00FAFAC8 /* Splash */,
				85E7598E2A765C5700FAFAC8 /* Menu */,
				85D9E18A2A71CA690012FBB4 /* Core */,
				8597776B2A6D6BF8005F9F68 /* Speedometer */,
				859777472A6D695B005F9F68 /* Preview Content */,
			);
			path = Speedometer;
			sourceTree = "<group>";
		};
		859777472A6D695B005F9F68 /* Preview Content */ = {
			isa = PBXGroup;
			children = (
				859777482A6D695B005F9F68 /* Preview Assets.xcassets */,
			);
			path = "Preview Content";
			sourceTree = "<group>";
		};
		859777512A6D695B005F9F68 /* SpeedometerTests */ = {
			isa = PBXGroup;
			children = (
				859777522A6D695B005F9F68 /* SpeedometerTests.swift */,
			);
			path = SpeedometerTests;
			sourceTree = "<group>";
		};
		8597775B2A6D695B005F9F68 /* SpeedometerUITests */ = {
			isa = PBXGroup;
			children = (
				8597775C2A6D695B005F9F68 /* SpeedometerUITests.swift */,
				8597775E2A6D695B005F9F68 /* SpeedometerUITestsLaunchTests.swift */,
			);
			path = SpeedometerUITests;
			sourceTree = "<group>";
		};
		8597776B2A6D6BF8005F9F68 /* Speedometer */ = {
			isa = PBXGroup;
			children = (
				85D9E18C2A71CA990012FBB4 /* Presentation */,
				85D9E18B2A71CA8C0012FBB4 /* Data */,
			);
			path = Speedometer;
			sourceTree = "<group>";
		};
		85D9E18A2A71CA690012FBB4 /* Core */ = {
			isa = PBXGroup;
			children = (
				8526BE852A755A0B00BF38B8 /* Theme */,
				859777412A6D695A005F9F68 /* SpeedometerApp.swift */,
				85D9E1902A72B4570012FBB4 /* AppDelegate.swift */,
			);
			path = Core;
			sourceTree = "<group>";
		};
		85D9E18B2A71CA8C0012FBB4 /* Data */ = {
			isa = PBXGroup;
			children = (
				85D9E18D2A71CB4F0012FBB4 /* Model */,
				8597776E2A6D6CFB005F9F68 /* LocationManager.swift */,
			);
			path = Data;
			sourceTree = "<group>";
		};
		85D9E18C2A71CA990012FBB4 /* Presentation */ = {
			isa = PBXGroup;
			children = (
				85047DB02A7C53D4002C7CE2 /* MapView */,
				85888BE32A73FEBA00E92020 /* Components */,
				859777432A6D695A005F9F68 /* SpeedometerView.swift */,
				8597776C2A6D6C70005F9F68 /* SpeedometerViewModel.swift */,
			);
			path = Presentation;
			sourceTree = "<group>";
		};
		85D9E18D2A71CB4F0012FBB4 /* Model */ = {
			isa = PBXGroup;
			children = (
				85D9E18E2A71CB640012FBB4 /* Location.swift */,
			);
			path = Model;
			sourceTree = "<group>";
		};
		85E7598E2A765C5700FAFAC8 /* Menu */ = {
			isa = PBXGroup;
			children = (
			);
			path = Menu;
			sourceTree = "<group>";
		};
		85E759912A766C7E00FAFAC8 /* CircularGaugeView */ = {
			isa = PBXGroup;
			children = (
				85E759882A75759900FAFAC8 /* CircularGaugeStyle.swift */,
				85E7598A2A75770100FAFAC8 /* CircularGaugeView.swift */,
			);
			path = CircularGaugeView;
			sourceTree = "<group>";
		};
		85E759922A766E6B00FAFAC8 /* Splash */ = {
			isa = PBXGroup;
			children = (
				85E759932A766F2100FAFAC8 /* SplashView.swift */,
			);
			path = Splash;
			sourceTree = "<group>";
		};
/* End PBXGroup section */

/* Begin PBXNativeTarget section */
		8597773D2A6D695A005F9F68 /* Speedometer */ = {
			isa = PBXNativeTarget;
			buildConfigurationList = 859777622A6D695B005F9F68 /* Build configuration list for PBXNativeTarget "Speedometer" */;
			buildPhases = (
				8597773A2A6D695A005F9F68 /* Sources */,
				8597773B2A6D695A005F9F68 /* Frameworks */,
				8597773C2A6D695A005F9F68 /* Resources */,
			);
			buildRules = (
			);
			dependencies = (
			);
			name = Speedometer;
			packageProductDependencies = (
				85047DAC2A7C2F6F002C7CE2 /* MarqueeText */,
				85047DB42A7C5D2D002C7CE2 /* CoreGPX */,
			);
			productName = Speedometer;
			productReference = 8597773E2A6D695A005F9F68 /* Speedometer.app */;
			productType = "com.apple.product-type.application";
		};
		8597774D2A6D695B005F9F68 /* SpeedometerTests */ = {
			isa = PBXNativeTarget;
			buildConfigurationList = 859777652A6D695B005F9F68 /* Build configuration list for PBXNativeTarget "SpeedometerTests" */;
			buildPhases = (
				8597774A2A6D695B005F9F68 /* Sources */,
				8597774B2A6D695B005F9F68 /* Frameworks */,
				8597774C2A6D695B005F9F68 /* Resources */,
			);
			buildRules = (
			);
			dependencies = (
				859777502A6D695B005F9F68 /* PBXTargetDependency */,
			);
			name = SpeedometerTests;
			productName = SpeedometerTests;
			productReference = 8597774E2A6D695B005F9F68 /* SpeedometerTests.xctest */;
			productType = "com.apple.product-type.bundle.unit-test";
		};
		859777572A6D695B005F9F68 /* SpeedometerUITests */ = {
			isa = PBXNativeTarget;
			buildConfigurationList = 859777682A6D695B005F9F68 /* Build configuration list for PBXNativeTarget "SpeedometerUITests" */;
			buildPhases = (
				859777542A6D695B005F9F68 /* Sources */,
				859777552A6D695B005F9F68 /* Frameworks */,
				859777562A6D695B005F9F68 /* Resources */,
			);
			buildRules = (
			);
			dependencies = (
				8597775A2A6D695B005F9F68 /* PBXTargetDependency */,
			);
			name = SpeedometerUITests;
			productName = SpeedometerUITests;
			productReference = 859777582A6D695B005F9F68 /* SpeedometerUITests.xctest */;
			productType = "com.apple.product-type.bundle.ui-testing";
		};
/* End PBXNativeTarget section */

/* Begin PBXProject section */
		859777362A6D695A005F9F68 /* Project object */ = {
			isa = PBXProject;
			attributes = {
				BuildIndependentTargetsInParallel = 1;
				LastSwiftUpdateCheck = 1430;
				LastUpgradeCheck = 1430;
				TargetAttributes = {
					8597773D2A6D695A005F9F68 = {
						CreatedOnToolsVersion = 14.3.1;
					};
					8597774D2A6D695B005F9F68 = {
						CreatedOnToolsVersion = 14.3.1;
						TestTargetID = 8597773D2A6D695A005F9F68;
					};
					859777572A6D695B005F9F68 = {
						CreatedOnToolsVersion = 14.3.1;
						TestTargetID = 8597773D2A6D695A005F9F68;
					};
				};
			};
			buildConfigurationList = 859777392A6D695A005F9F68 /* Build configuration list for PBXProject "Speedometer" */;
			compatibilityVersion = "Xcode 14.0";
			developmentRegion = en;
			hasScannedForEncodings = 0;
			knownRegions = (
				en,
				Base,
			);
			mainGroup = 859777352A6D695A005F9F68;
			packageReferences = (
				85047DAB2A7C2F6E002C7CE2 /* XCRemoteSwiftPackageReference "MarqueeText" */,
				85047DB32A7C5D2D002C7CE2 /* XCRemoteSwiftPackageReference "CoreGPX" */,
			);
			productRefGroup = 8597773F2A6D695A005F9F68 /* Products */;
			projectDirPath = "";
			projectRoot = "";
			targets = (
				8597773D2A6D695A005F9F68 /* Speedometer */,
				8597774D2A6D695B005F9F68 /* SpeedometerTests */,
				859777572A6D695B005F9F68 /* SpeedometerUITests */,
			);
		};
/* End PBXProject section */

/* Begin PBXResourcesBuildPhase section */
		8597773C2A6D695A005F9F68 /* Resources */ = {
			isa = PBXResourcesBuildPhase;
			buildActionMask = 2147483647;
			files = (
				8526BE892A75642E00BF38B8 /* Assets.xcassets in Resources */,
				85E759902A765D1300FAFAC8 /* .gitignore in Resources */,
				859777492A6D695B005F9F68 /* Preview Assets.xcassets in Resources */,
			);
			runOnlyForDeploymentPostprocessing = 0;
		};
		8597774C2A6D695B005F9F68 /* Resources */ = {
			isa = PBXResourcesBuildPhase;
			buildActionMask = 2147483647;
			files = (
			);
			runOnlyForDeploymentPostprocessing = 0;
		};
		859777562A6D695B005F9F68 /* Resources */ = {
			isa = PBXResourcesBuildPhase;
			buildActionMask = 2147483647;
			files = (
			);
			runOnlyForDeploymentPostprocessing = 0;
		};
/* End PBXResourcesBuildPhase section */

/* Begin PBXSourcesBuildPhase section */
		8597773A2A6D695A005F9F68 /* Sources */ = {
			isa = PBXSourcesBuildPhase;
			buildActionMask = 2147483647;
			files = (
				85D9E1912A72B4570012FBB4 /* AppDelegate.swift in Sources */,
				85047DB22A7C53E3002C7CE2 /* MapView.swift in Sources */,
				8526BE872A755A1C00BF38B8 /* Colors.swift in Sources */,
				85E7598B2A75770100FAFAC8 /* CircularGaugeView.swift in Sources */,
				85888BE72A73FFD900E92020 /* LocationInfoView.swift in Sources */,
				8597776F2A6D6CFB005F9F68 /* LocationManager.swift in Sources */,
				85E759942A766F2100FAFAC8 /* SplashView.swift in Sources */,
				85E759892A75759900FAFAC8 /* CircularGaugeStyle.swift in Sources */,
				859777442A6D695A005F9F68 /* SpeedometerView.swift in Sources */,
				85047DA82A7BED89002C7CE2 /* RouteImporterView.swift in Sources */,
				85D9E18F2A71CB640012FBB4 /* Location.swift in Sources */,
				85047DAA2A7BED9B002C7CE2 /* RouteImporterViewModel.swift in Sources */,
				85888BE52A73FEDD00E92020 /* HorizontalGaugeView.swift in Sources */,
				859777422A6D695A005F9F68 /* SpeedometerApp.swift in Sources */,
				8597776D2A6D6C70005F9F68 /* SpeedometerViewModel.swift in Sources */,
				85047DAF2A7C2FA6002C7CE2 /* LocationAccuracyBar.swift in Sources */,
			);
			runOnlyForDeploymentPostprocessing = 0;
		};
		8597774A2A6D695B005F9F68 /* Sources */ = {
			isa = PBXSourcesBuildPhase;
			buildActionMask = 2147483647;
			files = (
				859777532A6D695B005F9F68 /* SpeedometerTests.swift in Sources */,
			);
			runOnlyForDeploymentPostprocessing = 0;
		};
		859777542A6D695B005F9F68 /* Sources */ = {
			isa = PBXSourcesBuildPhase;
			buildActionMask = 2147483647;
			files = (
				8597775F2A6D695B005F9F68 /* SpeedometerUITestsLaunchTests.swift in Sources */,
				8597775D2A6D695B005F9F68 /* SpeedometerUITests.swift in Sources */,
			);
			runOnlyForDeploymentPostprocessing = 0;
		};
/* End PBXSourcesBuildPhase section */

/* Begin PBXTargetDependency section */
		859777502A6D695B005F9F68 /* PBXTargetDependency */ = {
			isa = PBXTargetDependency;
			target = 8597773D2A6D695A005F9F68 /* Speedometer */;
			targetProxy = 8597774F2A6D695B005F9F68 /* PBXContainerItemProxy */;
		};
		8597775A2A6D695B005F9F68 /* PBXTargetDependency */ = {
			isa = PBXTargetDependency;
			target = 8597773D2A6D695A005F9F68 /* Speedometer */;
			targetProxy = 859777592A6D695B005F9F68 /* PBXContainerItemProxy */;
		};
/* End PBXTargetDependency section */

/* Begin XCBuildConfiguration section */
		859777602A6D695B005F9F68 /* Debug */ = {
			isa = XCBuildConfiguration;
			buildSettings = {
				ALWAYS_SEARCH_USER_PATHS = NO;
				CLANG_ANALYZER_NONNULL = YES;
				CLANG_ANALYZER_NUMBER_OBJECT_CONVERSION = YES_AGGRESSIVE;
				CLANG_CXX_LANGUAGE_STANDARD = "gnu++20";
				CLANG_ENABLE_MODULES = YES;
				CLANG_ENABLE_OBJC_ARC = YES;
				CLANG_ENABLE_OBJC_WEAK = YES;
				CLANG_WARN_BLOCK_CAPTURE_AUTORELEASING = YES;
				CLANG_WARN_BOOL_CONVERSION = YES;
				CLANG_WARN_COMMA = YES;
				CLANG_WARN_CONSTANT_CONVERSION = YES;
				CLANG_WARN_DEPRECATED_OBJC_IMPLEMENTATIONS = YES;
				CLANG_WARN_DIRECT_OBJC_ISA_USAGE = YES_ERROR;
				CLANG_WARN_DOCUMENTATION_COMMENTS = YES;
				CLANG_WARN_EMPTY_BODY = YES;
				CLANG_WARN_ENUM_CONVERSION = YES;
				CLANG_WARN_INFINITE_RECURSION = YES;
				CLANG_WARN_INT_CONVERSION = YES;
				CLANG_WARN_NON_LITERAL_NULL_CONVERSION = YES;
				CLANG_WARN_OBJC_IMPLICIT_RETAIN_SELF = YES;
				CLANG_WARN_OBJC_LITERAL_CONVERSION = YES;
				CLANG_WARN_OBJC_ROOT_CLASS = YES_ERROR;
				CLANG_WARN_QUOTED_INCLUDE_IN_FRAMEWORK_HEADER = YES;
				CLANG_WARN_RANGE_LOOP_ANALYSIS = YES;
				CLANG_WARN_STRICT_PROTOTYPES = YES;
				CLANG_WARN_SUSPICIOUS_MOVE = YES;
				CLANG_WARN_UNGUARDED_AVAILABILITY = YES_AGGRESSIVE;
				CLANG_WARN_UNREACHABLE_CODE = YES;
				CLANG_WARN__DUPLICATE_METHOD_MATCH = YES;
				COPY_PHASE_STRIP = NO;
				DEBUG_INFORMATION_FORMAT = dwarf;
				ENABLE_STRICT_OBJC_MSGSEND = YES;
				ENABLE_TESTABILITY = YES;
				GCC_C_LANGUAGE_STANDARD = gnu11;
				GCC_DYNAMIC_NO_PIC = NO;
				GCC_NO_COMMON_BLOCKS = YES;
				GCC_OPTIMIZATION_LEVEL = 0;
				GCC_PREPROCESSOR_DEFINITIONS = (
					"DEBUG=1",
					"$(inherited)",
				);
				GCC_WARN_64_TO_32_BIT_CONVERSION = YES;
				GCC_WARN_ABOUT_RETURN_TYPE = YES_ERROR;
				GCC_WARN_UNDECLARED_SELECTOR = YES;
				GCC_WARN_UNINITIALIZED_AUTOS = YES_AGGRESSIVE;
				GCC_WARN_UNUSED_FUNCTION = YES;
				GCC_WARN_UNUSED_VARIABLE = YES;
				IPHONEOS_DEPLOYMENT_TARGET = 16.4;
				MTL_ENABLE_DEBUG_INFO = INCLUDE_SOURCE;
				MTL_FAST_MATH = YES;
				ONLY_ACTIVE_ARCH = YES;
				SDKROOT = iphoneos;
				SWIFT_ACTIVE_COMPILATION_CONDITIONS = DEBUG;
				SWIFT_OPTIMIZATION_LEVEL = "-Onone";
			};
			name = Debug;
		};
		859777612A6D695B005F9F68 /* Release */ = {
			isa = XCBuildConfiguration;
			buildSettings = {
				ALWAYS_SEARCH_USER_PATHS = NO;
				CLANG_ANALYZER_NONNULL = YES;
				CLANG_ANALYZER_NUMBER_OBJECT_CONVERSION = YES_AGGRESSIVE;
				CLANG_CXX_LANGUAGE_STANDARD = "gnu++20";
				CLANG_ENABLE_MODULES = YES;
				CLANG_ENABLE_OBJC_ARC = YES;
				CLANG_ENABLE_OBJC_WEAK = YES;
				CLANG_WARN_BLOCK_CAPTURE_AUTORELEASING = YES;
				CLANG_WARN_BOOL_CONVERSION = YES;
				CLANG_WARN_COMMA = YES;
				CLANG_WARN_CONSTANT_CONVERSION = YES;
				CLANG_WARN_DEPRECATED_OBJC_IMPLEMENTATIONS = YES;
				CLANG_WARN_DIRECT_OBJC_ISA_USAGE = YES_ERROR;
				CLANG_WARN_DOCUMENTATION_COMMENTS = YES;
				CLANG_WARN_EMPTY_BODY = YES;
				CLANG_WARN_ENUM_CONVERSION = YES;
				CLANG_WARN_INFINITE_RECURSION = YES;
				CLANG_WARN_INT_CONVERSION = YES;
				CLANG_WARN_NON_LITERAL_NULL_CONVERSION = YES;
				CLANG_WARN_OBJC_IMPLICIT_RETAIN_SELF = YES;
				CLANG_WARN_OBJC_LITERAL_CONVERSION = YES;
				CLANG_WARN_OBJC_ROOT_CLASS = YES_ERROR;
				CLANG_WARN_QUOTED_INCLUDE_IN_FRAMEWORK_HEADER = YES;
				CLANG_WARN_RANGE_LOOP_ANALYSIS = YES;
				CLANG_WARN_STRICT_PROTOTYPES = YES;
				CLANG_WARN_SUSPICIOUS_MOVE = YES;
				CLANG_WARN_UNGUARDED_AVAILABILITY = YES_AGGRESSIVE;
				CLANG_WARN_UNREACHABLE_CODE = YES;
				CLANG_WARN__DUPLICATE_METHOD_MATCH = YES;
				COPY_PHASE_STRIP = NO;
				DEBUG_INFORMATION_FORMAT = "dwarf-with-dsym";
				ENABLE_NS_ASSERTIONS = NO;
				ENABLE_STRICT_OBJC_MSGSEND = YES;
				GCC_C_LANGUAGE_STANDARD = gnu11;
				GCC_NO_COMMON_BLOCKS = YES;
				GCC_WARN_64_TO_32_BIT_CONVERSION = YES;
				GCC_WARN_ABOUT_RETURN_TYPE = YES_ERROR;
				GCC_WARN_UNDECLARED_SELECTOR = YES;
				GCC_WARN_UNINITIALIZED_AUTOS = YES_AGGRESSIVE;
				GCC_WARN_UNUSED_FUNCTION = YES;
				GCC_WARN_UNUSED_VARIABLE = YES;
				IPHONEOS_DEPLOYMENT_TARGET = 16.4;
				MTL_ENABLE_DEBUG_INFO = NO;
				MTL_FAST_MATH = YES;
				SDKROOT = iphoneos;
				SWIFT_COMPILATION_MODE = wholemodule;
				SWIFT_OPTIMIZATION_LEVEL = "-O";
				VALIDATE_PRODUCT = YES;
			};
			name = Release;
		};
		859777632A6D695B005F9F68 /* Debug */ = {
			isa = XCBuildConfiguration;
			buildSettings = {
				ASSETCATALOG_COMPILER_APPICON_NAME = AppIcon;
				ASSETCATALOG_COMPILER_GLOBAL_ACCENT_COLOR_NAME = AccentColor;
				CODE_SIGN_STYLE = Automatic;
				CURRENT_PROJECT_VERSION = 1;
				DEVELOPMENT_ASSET_PATHS = "\"Speedometer/Preview Content\"";
				DEVELOPMENT_TEAM = D3BTL99X4V;
				ENABLE_PREVIEWS = YES;
				GENERATE_INFOPLIST_FILE = YES;
				INFOPLIST_KEY_NSLocationWhenInUseUsageDescription = "To measure speed";
				INFOPLIST_KEY_UIApplicationSceneManifest_Generation = YES;
				INFOPLIST_KEY_UIApplicationSupportsIndirectInputEvents = YES;
				INFOPLIST_KEY_UILaunchScreen_Generation = YES;
				INFOPLIST_KEY_UIStatusBarStyle = "";
				INFOPLIST_KEY_UISupportedInterfaceOrientations = "UIInterfaceOrientationPortrait UIInterfaceOrientationPortraitUpsideDown";
				INFOPLIST_KEY_UISupportedInterfaceOrientations_iPad = UIInterfaceOrientationPortrait;
				IPHONEOS_DEPLOYMENT_TARGET = 16.0;
				LD_RUNPATH_SEARCH_PATHS = (
					"$(inherited)",
					"@executable_path/Frameworks",
				);
				MARKETING_VERSION = 1.0;
				PRODUCT_BUNDLE_IDENTIFIER = pl.radoslav.Speedometer;
				PRODUCT_NAME = "$(TARGET_NAME)";
				SWIFT_EMIT_LOC_STRINGS = YES;
				SWIFT_VERSION = 5.0;
				TARGETED_DEVICE_FAMILY = "1,2";
			};
			name = Debug;
		};
		859777642A6D695B005F9F68 /* Release */ = {
			isa = XCBuildConfiguration;
			buildSettings = {
				ASSETCATALOG_COMPILER_APPICON_NAME = AppIcon;
				ASSETCATALOG_COMPILER_GLOBAL_ACCENT_COLOR_NAME = AccentColor;
				CODE_SIGN_STYLE = Automatic;
				CURRENT_PROJECT_VERSION = 1;
				DEVELOPMENT_ASSET_PATHS = "\"Speedometer/Preview Content\"";
				DEVELOPMENT_TEAM = D3BTL99X4V;
				ENABLE_PREVIEWS = YES;
				GENERATE_INFOPLIST_FILE = YES;
				INFOPLIST_KEY_NSLocationWhenInUseUsageDescription = "To measure speed";
				INFOPLIST_KEY_UIApplicationSceneManifest_Generation = YES;
				INFOPLIST_KEY_UIApplicationSupportsIndirectInputEvents = YES;
				INFOPLIST_KEY_UILaunchScreen_Generation = YES;
				INFOPLIST_KEY_UIStatusBarStyle = "";
				INFOPLIST_KEY_UISupportedInterfaceOrientations = "UIInterfaceOrientationPortrait UIInterfaceOrientationPortraitUpsideDown";
				INFOPLIST_KEY_UISupportedInterfaceOrientations_iPad = UIInterfaceOrientationPortrait;
				IPHONEOS_DEPLOYMENT_TARGET = 16.0;
				LD_RUNPATH_SEARCH_PATHS = (
					"$(inherited)",
					"@executable_path/Frameworks",
				);
				MARKETING_VERSION = 1.0;
				PRODUCT_BUNDLE_IDENTIFIER = pl.radoslav.Speedometer;
				PRODUCT_NAME = "$(TARGET_NAME)";
				SWIFT_EMIT_LOC_STRINGS = YES;
				SWIFT_VERSION = 5.0;
				TARGETED_DEVICE_FAMILY = "1,2";
			};
			name = Release;
		};
		859777662A6D695B005F9F68 /* Debug */ = {
			isa = XCBuildConfiguration;
			buildSettings = {
				ALWAYS_EMBED_SWIFT_STANDARD_LIBRARIES = YES;
				BUNDLE_LOADER = "$(TEST_HOST)";
				CODE_SIGN_STYLE = Automatic;
				CURRENT_PROJECT_VERSION = 1;
				DEVELOPMENT_TEAM = D3BTL99X4V;
				GENERATE_INFOPLIST_FILE = YES;
				IPHONEOS_DEPLOYMENT_TARGET = 16.4;
				MARKETING_VERSION = 1.0;
				PRODUCT_BUNDLE_IDENTIFIER = pl.radoslav.SpeedometerTests;
				PRODUCT_NAME = "$(TARGET_NAME)";
				SWIFT_EMIT_LOC_STRINGS = NO;
				SWIFT_VERSION = 5.0;
				TARGETED_DEVICE_FAMILY = "1,2";
				TEST_HOST = "$(BUILT_PRODUCTS_DIR)/Speedometer.app/$(BUNDLE_EXECUTABLE_FOLDER_PATH)/Speedometer";
			};
			name = Debug;
		};
		859777672A6D695B005F9F68 /* Release */ = {
			isa = XCBuildConfiguration;
			buildSettings = {
				ALWAYS_EMBED_SWIFT_STANDARD_LIBRARIES = YES;
				BUNDLE_LOADER = "$(TEST_HOST)";
				CODE_SIGN_STYLE = Automatic;
				CURRENT_PROJECT_VERSION = 1;
				DEVELOPMENT_TEAM = D3BTL99X4V;
				GENERATE_INFOPLIST_FILE = YES;
				IPHONEOS_DEPLOYMENT_TARGET = 16.4;
				MARKETING_VERSION = 1.0;
				PRODUCT_BUNDLE_IDENTIFIER = pl.radoslav.SpeedometerTests;
				PRODUCT_NAME = "$(TARGET_NAME)";
				SWIFT_EMIT_LOC_STRINGS = NO;
				SWIFT_VERSION = 5.0;
				TARGETED_DEVICE_FAMILY = "1,2";
				TEST_HOST = "$(BUILT_PRODUCTS_DIR)/Speedometer.app/$(BUNDLE_EXECUTABLE_FOLDER_PATH)/Speedometer";
			};
			name = Release;
		};
		859777692A6D695B005F9F68 /* Debug */ = {
			isa = XCBuildConfiguration;
			buildSettings = {
				ALWAYS_EMBED_SWIFT_STANDARD_LIBRARIES = YES;
				CODE_SIGN_STYLE = Automatic;
				CURRENT_PROJECT_VERSION = 1;
				DEVELOPMENT_TEAM = D3BTL99X4V;
				GENERATE_INFOPLIST_FILE = YES;
				MARKETING_VERSION = 1.0;
				PRODUCT_BUNDLE_IDENTIFIER = pl.radoslav.SpeedometerUITests;
				PRODUCT_NAME = "$(TARGET_NAME)";
				SWIFT_EMIT_LOC_STRINGS = NO;
				SWIFT_VERSION = 5.0;
				TARGETED_DEVICE_FAMILY = "1,2";
				TEST_TARGET_NAME = Speedometer;
			};
			name = Debug;
		};
		8597776A2A6D695B005F9F68 /* Release */ = {
			isa = XCBuildConfiguration;
			buildSettings = {
				ALWAYS_EMBED_SWIFT_STANDARD_LIBRARIES = YES;
				CODE_SIGN_STYLE = Automatic;
				CURRENT_PROJECT_VERSION = 1;
				DEVELOPMENT_TEAM = D3BTL99X4V;
				GENERATE_INFOPLIST_FILE = YES;
				MARKETING_VERSION = 1.0;
				PRODUCT_BUNDLE_IDENTIFIER = pl.radoslav.SpeedometerUITests;
				PRODUCT_NAME = "$(TARGET_NAME)";
				SWIFT_EMIT_LOC_STRINGS = NO;
				SWIFT_VERSION = 5.0;
				TARGETED_DEVICE_FAMILY = "1,2";
				TEST_TARGET_NAME = Speedometer;
			};
			name = Release;
		};
/* End XCBuildConfiguration section */

/* Begin XCConfigurationList section */
		859777392A6D695A005F9F68 /* Build configuration list for PBXProject "Speedometer" */ = {
			isa = XCConfigurationList;
			buildConfigurations = (
				859777602A6D695B005F9F68 /* Debug */,
				859777612A6D695B005F9F68 /* Release */,
			);
			defaultConfigurationIsVisible = 0;
			defaultConfigurationName = Release;
		};
		859777622A6D695B005F9F68 /* Build configuration list for PBXNativeTarget "Speedometer" */ = {
			isa = XCConfigurationList;
			buildConfigurations = (
				859777632A6D695B005F9F68 /* Debug */,
				859777642A6D695B005F9F68 /* Release */,
			);
			defaultConfigurationIsVisible = 0;
			defaultConfigurationName = Release;
		};
		859777652A6D695B005F9F68 /* Build configuration list for PBXNativeTarget "SpeedometerTests" */ = {
			isa = XCConfigurationList;
			buildConfigurations = (
				859777662A6D695B005F9F68 /* Debug */,
				859777672A6D695B005F9F68 /* Release */,
			);
			defaultConfigurationIsVisible = 0;
			defaultConfigurationName = Release;
		};
		859777682A6D695B005F9F68 /* Build configuration list for PBXNativeTarget "SpeedometerUITests" */ = {
			isa = XCConfigurationList;
			buildConfigurations = (
				859777692A6D695B005F9F68 /* Debug */,
				8597776A2A6D695B005F9F68 /* Release */,
			);
			defaultConfigurationIsVisible = 0;
			defaultConfigurationName = Release;
		};
/* End XCConfigurationList section */

/* Begin XCRemoteSwiftPackageReference section */
		85047DAB2A7C2F6E002C7CE2 /* XCRemoteSwiftPackageReference "MarqueeText" */ = {
			isa = XCRemoteSwiftPackageReference;
			repositoryURL = "https://github.com/joekndy/MarqueeText";
			requirement = {
				branch = master;
				kind = branch;
			};
		};
		85047DB32A7C5D2D002C7CE2 /* XCRemoteSwiftPackageReference "CoreGPX" */ = {
			isa = XCRemoteSwiftPackageReference;
			repositoryURL = "https://github.com/vincentneo/CoreGPX";
			requirement = {
				kind = upToNextMajorVersion;
				minimumVersion = 0.9.2;
			};
		};
/* End XCRemoteSwiftPackageReference section */

/* Begin XCSwiftPackageProductDependency section */
		85047DAC2A7C2F6F002C7CE2 /* MarqueeText */ = {
			isa = XCSwiftPackageProductDependency;
			package = 85047DAB2A7C2F6E002C7CE2 /* XCRemoteSwiftPackageReference "MarqueeText" */;
			productName = MarqueeText;
		};
		85047DB42A7C5D2D002C7CE2 /* CoreGPX */ = {
			isa = XCSwiftPackageProductDependency;
			package = 85047DB32A7C5D2D002C7CE2 /* XCRemoteSwiftPackageReference "CoreGPX" */;
			productName = CoreGPX;
		};
/* End XCSwiftPackageProductDependency section */
	};
	rootObject = 859777362A6D695A005F9F68 /* Project object */;
}
